
Microsoft Visual Studio Solution File, Format Version 12.00
# Visual Studio Version 17
VisualStudioVersion = 17.3.32811.315
MinimumVisualStudioVersion = 10.0.40219.1
Project("{FAE04EC0-301F-11D3-BF4B-00C04F79EFBC}") = "Client", "Client\Client.csproj", "{088ABD47-2625-45AF-97DD-A7E3573892D3}"
EndProject
Project("{FAE04EC0-301F-11D3-BF4B-00C04F79EFBC}") = "Server", "Server\Server.csproj", "{CAA14C33-DD75-479B-BD9B-534CE6EEB2C4}"
EndProject
Global
	GlobalSection(SolutionConfigurationPlatforms) = preSolution
		Debug|Any CPU = Debug|Any CPU
		Release|Any CPU = Release|Any CPU
	EndGlobalSection
	GlobalSection(ProjectConfigurationPlatforms) = postSolution
		{088ABD47-2625-45AF-97DD-A7E3573892D3}.Debug|Any CPU.ActiveCfg = Debug|Any CPU
		{088ABD47-2625-45AF-97DD-A7E3573892D3}.Debug|Any CPU.Build.0 = Debug|Any CPU
		{088ABD47-2625-45AF-97DD-A7E3573892D3}.Release|Any CPU.ActiveCfg = Release|Any CPU
		{088ABD47-2625-45AF-97DD-A7E3573892D3}.Release|Any CPU.Build.0 = Release|Any CPU
		{CAA14C33-DD75-479B-BD9B-534CE6EEB2C4}.Debug|Any CPU.ActiveCfg = Debug|Any CPU
		{CAA14C33-DD75-479B-BD9B-534CE6EEB2C4}.Debug|Any CPU.Build.0 = Debug|Any CPU
		{CAA14C33-DD75-479B-BD9B-534CE6EEB2C4}.Release|Any CPU.ActiveCfg = Release|Any CPU
		{CAA14C33-DD75-479B-BD9B-534CE6EEB2C4}.Release|Any CPU.Build.0 = Release|Any CPU
	EndGlobalSection
	GlobalSection(SolutionProperties) = preSolution
		HideSolutionNode = FALSE
	EndGlobalSection
	GlobalSection(ExtensibilityGlobals) = postSolution
		SolutionGuid = {046AC00B-59AF-4B0A-A462-3F29672E8ECC}
	EndGlobalSection
EndGlobal
